
Microsoft Visual Studio Solution File, Format Version 12.00
# Visual Studio Version 17
VisualStudioVersion = 17.9.34607.119
MinimumVisualStudioVersion = 10.0.40219.1
Project("{FAE04EC0-301F-11D3-BF4B-00C04F79EFBC}") = "HotelManagementSystem", "HotelManagementSystem\HotelManagementSystem.csproj", "{0968AD7B-BF59-4433-A0B8-4FE71452880E}"
EndProject
Global
	GlobalSection(SolutionConfigurationPlatforms) = preSolution
		Debug|Any CPU = Debug|Any CPU
		Release|Any CPU = Release|Any CPU
	EndGlobalSection
	GlobalSection(ProjectConfigurationPlatforms) = postSolution
		{0968AD7B-BF59-4433-A0B8-4FE71452880E}.Debug|Any CPU.ActiveCfg = Debug|Any CPU
		{0968AD7B-BF59-4433-A0B8-4FE71452880E}.Debug|Any CPU.Build.0 = Debug|Any CPU
		{0968AD7B-BF59-4433-A0B8-4FE71452880E}.Release|Any CPU.ActiveCfg = Release|Any CPU
		{0968AD7B-BF59-4433-A0B8-4FE71452880E}.Release|Any CPU.Build.0 = Release|Any CPU
	EndGlobalSection
	GlobalSection(SolutionProperties) = preSolution
		HideSolutionNode = FALSE
	EndGlobalSection
	GlobalSection(ExtensibilityGlobals) = postSolution
		SolutionGuid = {26DD7940-4FCC-4DFD-B6D3-C1EE0B8BC808}
	EndGlobalSection
EndGlobal
